// !$*UTF8*$!
{
	archiveVersion = 1;
	classes = {
	};
	objectVersion = 46;
	objects = {

/* Begin PBXBuildFile section */
		1299CDC81BA37FAB003FD6F7 /* main.m in Sources */ = {isa = PBXBuildFile; fileRef = 1299CDC71BA37FAB003FD6F7 /* main.m */; };
		1299CDCB1BA37FAB003FD6F7 /* AppDelegate.m in Sources */ = {isa = PBXBuildFile; fileRef = 1299CDCA1BA37FAB003FD6F7 /* AppDelegate.m */; };
		1299CDCE1BA37FAB003FD6F7 /* ViewController.m in Sources */ = {isa = PBXBuildFile; fileRef = 1299CDCD1BA37FAB003FD6F7 /* ViewController.m */; };
		1299CDD11BA37FAB003FD6F7 /* Main.storyboard in Resources */ = {isa = PBXBuildFile; fileRef = 1299CDCF1BA37FAB003FD6F7 /* Main.storyboard */; };
		1299CDD31BA37FAB003FD6F7 /* Images.xcassets in Resources */ = {isa = PBXBuildFile; fileRef = 1299CDD21BA37FAB003FD6F7 /* Images.xcassets */; };
		1299CDD61BA37FAB003FD6F7 /* LaunchScreen.xib in Resources */ = {isa = PBXBuildFile; fileRef = 1299CDD41BA37FAB003FD6F7 /* LaunchScreen.xib */; };
		1299CDE21BA37FAC003FD6F7 /* AV_StorybookTests.m in Sources */ = {isa = PBXBuildFile; fileRef = 1299CDE11BA37FAC003FD6F7 /* AV_StorybookTests.m */; };
/* End PBXBuildFile section */

/* Begin PBXContainerItemProxy section */
		1299CDDC1BA37FAC003FD6F7 /* PBXContainerItemProxy */ = {
			isa = PBXContainerItemProxy;
			containerPortal = 1299CDBA1BA37FAB003FD6F7 /* Project object */;
			proxyType = 1;
			remoteGlobalIDString = 1299CDC11BA37FAB003FD6F7;
			remoteInfo = "AV Storybook";
		};
/* End PBXContainerItemProxy section */

/* Begin PBXFileReference section */
		1299CDC21BA37FAB003FD6F7 /* AV Storybook.app */ = {isa = PBXFileReference; explicitFileType = wrapper.application; includeInIndex = 0; path = "AV Storybook.app"; sourceTree = BUILT_PRODUCTS_DIR; };
		1299CDC61BA37FAB003FD6F7 /* Info.plist */ = {isa = PBXFileReference; lastKnownFileType = text.plist.xml; path = Info.plist; sourceTree = "<group>"; };
		1299CDC71BA37FAB003FD6F7 /* main.m */ = {isa = PBXFileReference; lastKnownFileType = sourcecode.c.objc; path = main.m; sourceTree = "<group>"; };
		1299CDC91BA37FAB003FD6F7 /* AppDelegate.h */ = {isa = PBXFileReference; lastKnownFileType = sourcecode.c.h; path = AppDelegate.h; sourceTree = "<group>"; };
		1299CDCA1BA37FAB003FD6F7 /* AppDelegate.m */ = {isa = PBXFileReference; lastKnownFileType = sourcecode.c.objc; path = AppDelegate.m; sourceTree = "<group>"; };
		1299CDCC1BA37FAB003FD6F7 /* ViewController.h */ = {isa = PBXFileReference; lastKnownFileType = sourcecode.c.h; path = ViewController.h; sourceTree = "<group>"; };
		1299CDCD1BA37FAB003FD6F7 /* ViewController.m */ = {isa = PBXFileReference; lastKnownFileType = sourcecode.c.objc; path = ViewController.m; sourceTree = "<group>"; };
		1299CDD01BA37FAB003FD6F7 /* Base */ = {isa = PBXFileReference; lastKnownFileType = file.storyboard; name = Base; path = Base.lproj/Main.storyboard; sourceTree = "<group>"; };
		1299CDD21BA37FAB003FD6F7 /* Images.xcassets */ = {isa = PBXFileReference; lastKnownFileType = folder.assetcatalog; path = Images.xcassets; sourceTree = "<group>"; };
		1299CDD51BA37FAB003FD6F7 /* Base */ = {isa = PBXFileReference; lastKnownFileType = file.xib; name = Base; path = Base.lproj/LaunchScreen.xib; sourceTree = "<group>"; };
		1299CDDB1BA37FAC003FD6F7 /* AV StorybookTests.xctest */ = {isa = PBXFileReference; explicitFileType = wrapper.cfbundle; includeInIndex = 0; path = "AV StorybookTests.xctest"; sourceTree = BUILT_PRODUCTS_DIR; };
		1299CDE01BA37FAC003FD6F7 /* Info.plist */ = {isa = PBXFileReference; lastKnownFileType = text.plist.xml; path = Info.plist; sourceTree = "<group>"; };
		1299CDE11BA37FAC003FD6F7 /* AV_StorybookTests.m */ = {isa = PBXFileReference; lastKnownFileType = sourcecode.c.objc; path = AV_StorybookTests.m; sourceTree = "<group>"; };
/* End PBXFileReference section */

/* Begin PBXFrameworksBuildPhase section */
		1299CDBF1BA37FAB003FD6F7 /* Frameworks */ = {
			isa = PBXFrameworksBuildPhase;
			buildActionMask = 2147483647;
			files = (
			);
			runOnlyForDeploymentPostprocessing = 0;
		};
		1299CDD81BA37FAC003FD6F7 /* Frameworks */ = {
			isa = PBXFrameworksBuildPhase;
			buildActionMask = 2147483647;
			files = (
			);
			runOnlyForDeploymentPostprocessing = 0;
		};
/* End PBXFrameworksBuildPhase section */

/* Begin PBXGroup section */
		1299CDB91BA37FAB003FD6F7 = {
			isa = PBXGroup;
			children = (
				1299CDC41BA37FAB003FD6F7 /* AV Storybook */,
				1299CDDE1BA37FAC003FD6F7 /* AV StorybookTests */,
				1299CDC31BA37FAB003FD6F7 /* Products */,
			);
			sourceTree = "<group>";
		};
		1299CDC31BA37FAB003FD6F7 /* Products */ = {
			isa = PBXGroup;
			children = (
				1299CDC21BA37FAB003FD6F7 /* AV Storybook.app */,
				1299CDDB1BA37FAC003FD6F7 /* AV StorybookTests.xctest */,
			);
			name = Products;
			sourceTree = "<group>";
		};
		1299CDC41BA37FAB003FD6F7 /* AV Storybook */ = {
			isa = PBXGroup;
			children = (
				1299CDC91BA37FAB003FD6F7 /* AppDelegate.h */,
				1299CDCA1BA37FAB003FD6F7 /* AppDelegate.m */,
				1299CDCC1BA37FAB003FD6F7 /* ViewController.h */,
				1299CDCD1BA37FAB003FD6F7 /* ViewController.m */,
				1299CDCF1BA37FAB003FD6F7 /* Main.storyboard */,
				1299CDD21BA37FAB003FD6F7 /* Images.xcassets */,
				1299CDD41BA37FAB003FD6F7 /* LaunchScreen.xib */,
				1299CDC51BA37FAB003FD6F7 /* Supporting Files */,
			);
			path = "AV Storybook";
			sourceTree = "<group>";
		};
		1299CDC51BA37FAB003FD6F7 /* Supporting Files */ = {
			isa = PBXGroup;
			children = (
				1299CDC61BA37FAB003FD6F7 /* Info.plist */,
				1299CDC71BA37FAB003FD6F7 /* main.m */,
			);
			name = "Supporting Files";
			sourceTree = "<group>";
		};
		1299CDDE1BA37FAC003FD6F7 /* AV StorybookTests */ = {
			isa = PBXGroup;
			children = (
				1299CDE11BA37FAC003FD6F7 /* AV_StorybookTests.m */,
				1299CDDF1BA37FAC003FD6F7 /* Supporting Files */,
			);
			path = "AV StorybookTests";
			sourceTree = "<group>";
		};
		1299CDDF1BA37FAC003FD6F7 /* Supporting Files */ = {
			isa = PBXGroup;
			children = (
				1299CDE01BA37FAC003FD6F7 /* Info.plist */,
			);
			name = "Supporting Files";
			sourceTree = "<group>";
		};
/* End PBXGroup section */

/* Begin PBXNativeTarget section */
		1299CDC11BA37FAB003FD6F7 /* AV Storybook */ = {
			isa = PBXNativeTarget;
			buildConfigurationList = 1299CDE51BA37FAC003FD6F7 /* Build configuration list for PBXNativeTarget "AV Storybook" */;
			buildPhases = (
				1299CDBE1BA37FAB003FD6F7 /* Sources */,
				1299CDBF1BA37FAB003FD6F7 /* Frameworks */,
				1299CDC01BA37FAB003FD6F7 /* Resources */,
			);
			buildRules = (
			);
			dependencies = (
			);
			name = "AV Storybook";
			productName = "AV Storybook";
			productReference = 1299CDC21BA37FAB003FD6F7 /* AV Storybook.app */;
			productType = "com.apple.product-type.application";
		};
		1299CDDA1BA37FAC003FD6F7 /* AV StorybookTests */ = {
			isa = PBXNativeTarget;
			buildConfigurationList = 1299CDE81BA37FAC003FD6F7 /* Build configuration list for PBXNativeTarget "AV StorybookTests" */;
			buildPhases = (
				1299CDD71BA37FAC003FD6F7 /* Sources */,
				1299CDD81BA37FAC003FD6F7 /* Frameworks */,
				1299CDD91BA37FAC003FD6F7 /* Resources */,
			);
			buildRules = (
			);
			dependencies = (
				1299CDDD1BA37FAC003FD6F7 /* PBXTargetDependency */,
			);
			name = "AV StorybookTests";
			productName = "AV StorybookTests";
			productReference = 1299CDDB1BA37FAC003FD6F7 /* AV StorybookTests.xctest */;
			productType = "com.apple.product-type.bundle.unit-test";
		};
/* End PBXNativeTarget section */

/* Begin PBXProject section */
		1299CDBA1BA37FAB003FD6F7 /* Project object */ = {
			isa = PBXProject;
			attributes = {
				LastUpgradeCheck = 0640;
				ORGANIZATIONNAME = asu;
				TargetAttributes = {
					1299CDC11BA37FAB003FD6F7 = {
						CreatedOnToolsVersion = 6.4;
					};
					1299CDDA1BA37FAC003FD6F7 = {
						CreatedOnToolsVersion = 6.4;
						TestTargetID = 1299CDC11BA37FAB003FD6F7;
					};
				};
			};
			buildConfigurationList = 1299CDBD1BA37FAB003FD6F7 /* Build configuration list for PBXProject "AV Storybook" */;
			compatibilityVersion = "Xcode 3.2";
			developmentRegion = English;
			hasScannedForEncodings = 0;
			knownRegions = (
				en,
				Base,
			);
			mainGroup = 1299CDB91BA37FAB003FD6F7;
			productRefGroup = 1299CDC31BA37FAB003FD6F7 /* Products */;
			projectDirPath = "";
			projectRoot = "";
			targets = (
				1299CDC11BA37FAB003FD6F7 /* AV Storybook */,
				1299CDDA1BA37FAC003FD6F7 /* AV StorybookTests */,
			);
		};
/* End PBXProject section */

/* Begin PBXResourcesBuildPhase section */
		1299CDC01BA37FAB003FD6F7 /* Resources */ = {
			isa = PBXResourcesBuildPhase;
			buildActionMask = 2147483647;
			files = (
				1299CDD11BA37FAB003FD6F7 /* Main.storyboard in Resources */,
				1299CDD61BA37FAB003FD6F7 /* LaunchScreen.xib in Resources */,
				1299CDD31BA37FAB003FD6F7 /* Images.xcassets in Resources */,
			);
			runOnlyForDeploymentPostprocessing = 0;
		};
		1299CDD91BA37FAC003FD6F7 /* Resources */ = {
			isa = PBXResourcesBuildPhase;
			buildActionMask = 2147483647;
			files = (
			);
			runOnlyForDeploymentPostprocessing = 0;
		};
/* End PBXResourcesBuildPhase section */

/* Begin PBXSourcesBuildPhase section */
		1299CDBE1BA37FAB003FD6F7 /* Sources */ = {
			isa = PBXSourcesBuildPhase;
			buildActionMask = 2147483647;
			files = (
				1299CDCE1BA37FAB003FD6F7 /* ViewController.m in Sources */,
				1299CDCB1BA37FAB003FD6F7 /* AppDelegate.m in Sources */,
				1299CDC81BA37FAB003FD6F7 /* main.m in Sources */,
			);
			runOnlyForDeploymentPostprocessing = 0;
		};
		1299CDD71BA37FAC003FD6F7 /* Sources */ = {
			isa = PBXSourcesBuildPhase;
			buildActionMask = 2147483647;
			files = (
				1299CDE21BA37FAC003FD6F7 /* AV_StorybookTests.m in Sources */,
			);
			runOnlyForDeploymentPostprocessing = 0;
		};
/* End PBXSourcesBuildPhase section */

/* Begin PBXTargetDependency section */
		1299CDDD1BA37FAC003FD6F7 /* PBXTargetDependency */ = {
			isa = PBXTargetDependency;
			target = 1299CDC11BA37FAB003FD6F7 /* AV Storybook */;
			targetProxy = 1299CDDC1BA37FAC003FD6F7 /* PBXContainerItemProxy */;
		};
/* End PBXTargetDependency section */

/* Begin PBXVariantGroup section */
		1299CDCF1BA37FAB003FD6F7 /* Main.storyboard */ = {
			isa = PBXVariantGroup;
			children = (
				1299CDD01BA37FAB003FD6F7 /* Base */,
			);
			name = Main.storyboard;
			sourceTree = "<group>";
		};
		1299CDD41BA37FAB003FD6F7 /* LaunchScreen.xib */ = {
			isa = PBXVariantGroup;
			children = (
				1299CDD51BA37FAB003FD6F7 /* Base */,
			);
			name = LaunchScreen.xib;
			sourceTree = "<group>";
		};
/* End PBXVariantGroup section */

/* Begin XCBuildConfiguration section */
		1299CDE31BA37FAC003FD6F7 /* Debug */ = {
			isa = XCBuildConfiguration;
			buildSettings = {
				ALWAYS_SEARCH_USER_PATHS = NO;
				CLANG_CXX_LANGUAGE_STANDARD = "gnu++0x";
				CLANG_CXX_LIBRARY = "libc++";
				CLANG_ENABLE_MODULES = YES;
				CLANG_ENABLE_OBJC_ARC = YES;
				CLANG_WARN_BOOL_CONVERSION = YES;
				CLANG_WARN_CONSTANT_CONVERSION = YES;
				CLANG_WARN_DIRECT_OBJC_ISA_USAGE = YES_ERROR;
				CLANG_WARN_EMPTY_BODY = YES;
				CLANG_WARN_ENUM_CONVERSION = YES;
				CLANG_WARN_INT_CONVERSION = YES;
				CLANG_WARN_OBJC_ROOT_CLASS = YES_ERROR;
				CLANG_WARN_UNREACHABLE_CODE = YES;
				CLANG_WARN__DUPLICATE_METHOD_MATCH = YES;
				"CODE_SIGN_IDENTITY[sdk=iphoneos*]" = "iPhone Developer";
				COPY_PHASE_STRIP = NO;
				DEBUG_INFORMATION_FORMAT = "dwarf-with-dsym";
				ENABLE_STRICT_OBJC_MSGSEND = YES;
				GCC_C_LANGUAGE_STANDARD = gnu99;
				GCC_DYNAMIC_NO_PIC = NO;
				GCC_NO_COMMON_BLOCKS = YES;
				GCC_OPTIMIZATION_LEVEL = 0;
				GCC_PREPROCESSOR_DEFINITIONS = (
					"DEBUG=1",
					"$(inherited)",
				);
				GCC_SYMBOLS_PRIVATE_EXTERN = NO;
				GCC_WARN_64_TO_32_BIT_CONVERSION = YES;
				GCC_WARN_ABOUT_RETURN_TYPE = YES_ERROR;
				GCC_WARN_UNDECLARED_SELECTOR = YES;
				GCC_WARN_UNINITIALIZED_AUTOS = YES_AGGRESSIVE;
				GCC_WARN_UNUSED_FUNCTION = YES;
				GCC_WARN_UNUSED_VARIABLE = YES;
				IPHONEOS_DEPLOYMENT_TARGET = 8.4;
				MTL_ENABLE_DEBUG_INFO = YES;
				ONLY_ACTIVE_ARCH = YES;
				SDKROOT = iphoneos;
			};
			name = Debug;
		};
		1299CDE41BA37FAC003FD6F7 /* Release */ = {
			isa = XCBuildConfiguration;
			buildSettings = {
				ALWAYS_SEARCH_USER_PATHS = NO;
				CLANG_CXX_LANGUAGE_STANDARD = "gnu++0x";
				CLANG_CXX_LIBRARY = "libc++";
				CLANG_ENABLE_MODULES = YES;
				CLANG_ENABLE_OBJC_ARC = YES;
				CLANG_WARN_BOOL_CONVERSION = YES;
				CLANG_WARN_CONSTANT_CONVERSION = YES;
				CLANG_WARN_DIRECT_OBJC_ISA_USAGE = YES_ERROR;
				CLANG_WARN_EMPTY_BODY = YES;
				CLANG_WARN_ENUM_CONVERSION = YES;
				CLANG_WARN_INT_CONVERSION = YES;
				CLANG_WARN_OBJC_ROOT_CLASS = YES_ERROR;
				CLANG_WARN_UNREACHABLE_CODE = YES;
				CLANG_WARN__DUPLICATE_METHOD_MATCH = YES;
				"CODE_SIGN_IDENTITY[sdk=iphoneos*]" = "iPhone Developer";
				COPY_PHASE_STRIP = NO;
				DEBUG_INFORMATION_FORMAT = "dwarf-with-dsym";
				ENABLE_NS_ASSERTIONS = NO;
				ENABLE_STRICT_OBJC_MSGSEND = YES;
				GCC_C_LANGUAGE_STANDARD = gnu99;
				GCC_NO_COMMON_BLOCKS = YES;
				GCC_WARN_64_TO_32_BIT_CONVERSION = YES;
				GCC_WARN_ABOUT_RETURN_TYPE = YES_ERROR;
				GCC_WARN_UNDECLARED_SELECTOR = YES;
				GCC_WARN_UNINITIALIZED_AUTOS = YES_AGGRESSIVE;
				GCC_WARN_UNUSED_FUNCTION = YES;
				GCC_WARN_UNUSED_VARIABLE = YES;
				IPHONEOS_DEPLOYMENT_TARGET = 8.4;
				MTL_ENABLE_DEBUG_INFO = NO;
				SDKROOT = iphoneos;
				VALIDATE_PRODUCT = YES;
			};
			name = Release;
		};
		1299CDE61BA37FAC003FD6F7 /* Debug */ = {
			isa = XCBuildConfiguration;
			buildSettings = {
				ASSETCATALOG_COMPILER_APPICON_NAME = AppIcon;
				INFOPLIST_FILE = "AV Storybook/Info.plist";
				LD_RUNPATH_SEARCH_PATHS = "$(inherited) @executable_path/Frameworks";
				PRODUCT_NAME = "$(TARGET_NAME)";
			};
			name = Debug;
		};
		1299CDE71BA37FAC003FD6F7 /* Release */ = {
			isa = XCBuildConfiguration;
			buildSettings = {
				ASSETCATALOG_COMPILER_APPICON_NAME = AppIcon;
				INFOPLIST_FILE = "AV Storybook/Info.plist";
				LD_RUNPATH_SEARCH_PATHS = "$(inherited) @executable_path/Frameworks";
				PRODUCT_NAME = "$(TARGET_NAME)";
			};
			name = Release;
		};
		1299CDE91BA37FAC003FD6F7 /* Debug */ = {
			isa = XCBuildConfiguration;
			buildSettings = {
				BUNDLE_LOADER = "$(TEST_HOST)";
				FRAMEWORK_SEARCH_PATHS = (
					"$(SDKROOT)/Developer/Library/Frameworks",
					"$(inherited)",
				);
				GCC_PREPROCESSOR_DEFINITIONS = (
					"DEBUG=1",
					"$(inherited)",
				);
				INFOPLIST_FILE = "AV StorybookTests/Info.plist";
				LD_RUNPATH_SEARCH_PATHS = "$(inherited) @executable_path/Frameworks @loader_path/Frameworks";
				PRODUCT_NAME = "$(TARGET_NAME)";
				TEST_HOST = "$(BUILT_PRODUCTS_DIR)/AV Storybook.app/AV Storybook";
			};
			name = Debug;
		};
		1299CDEA1BA37FAC003FD6F7 /* Release */ = {
			isa = XCBuildConfiguration;
			buildSettings = {
				BUNDLE_LOADER = "$(TEST_HOST)";
				FRAMEWORK_SEARCH_PATHS = (
					"$(SDKROOT)/Developer/Library/Frameworks",
					"$(inherited)",
				);
				INFOPLIST_FILE = "AV StorybookTests/Info.plist";
				LD_RUNPATH_SEARCH_PATHS = "$(inherited) @executable_path/Frameworks @loader_path/Frameworks";
				PRODUCT_NAME = "$(TARGET_NAME)";
				TEST_HOST = "$(BUILT_PRODUCTS_DIR)/AV Storybook.app/AV Storybook";
			};
			name = Release;
		};
/* End XCBuildConfiguration section */

/* Begin XCConfigurationList section */
		1299CDBD1BA37FAB003FD6F7 /* Build configuration list for PBXProject "AV Storybook" */ = {
			isa = XCConfigurationList;
			buildConfigurations = (
				1299CDE31BA37FAC003FD6F7 /* Debug */,
				1299CDE41BA37FAC003FD6F7 /* Release */,
			);
			defaultConfigurationIsVisible = 0;
			defaultConfigurationName = Release;
		};
		1299CDE51BA37FAC003FD6F7 /* Build configuration list for PBXNativeTarget "AV Storybook" */ = {
			isa = XCConfigurationList;
			buildConfigurations = (
				1299CDE61BA37FAC003FD6F7 /* Debug */,
				1299CDE71BA37FAC003FD6F7 /* Release */,
			);
			defaultConfigurationIsVisible = 0;
		};
		1299CDE81BA37FAC003FD6F7 /* Build configuration list for PBXNativeTarget "AV StorybookTests" */ = {
			isa = XCConfigurationList;
			buildConfigurations = (
				1299CDE91BA37FAC003FD6F7 /* Debug */,
				1299CDEA1BA37FAC003FD6F7 /* Release */,
			);
			defaultConfigurationIsVisible = 0;
		};
/* End XCConfigurationList section */
	};
	rootObject = 1299CDBA1BA37FAB003FD6F7 /* Project object */;
}
